
Microsoft Visual Studio Solution File, Format Version 12.00
# Visual Studio Version 17
VisualStudioVersion = 17.1.32228.430
MinimumVisualStudioVersion = 10.0.40219.1
Project("{FAE04EC0-301F-11D3-BF4B-00C04F79EFBC}") = "ProvaClubeDoLivroConsoleApp1", "ProvaClubeDoLivroConsoleApp1\ProvaClubeDoLivroConsoleApp1.csproj", "{FB07BCA6-4E36-494E-A97E-011A5D5DD15C}"
EndProject
Global
	GlobalSection(SolutionConfigurationPlatforms) = preSolution
		Debug|Any CPU = Debug|Any CPU
		Release|Any CPU = Release|Any CPU
	EndGlobalSection
	GlobalSection(ProjectConfigurationPlatforms) = postSolution
		{FB07BCA6-4E36-494E-A97E-011A5D5DD15C}.Debug|Any CPU.ActiveCfg = Debug|Any CPU
		{FB07BCA6-4E36-494E-A97E-011A5D5DD15C}.Debug|Any CPU.Build.0 = Debug|Any CPU
		{FB07BCA6-4E36-494E-A97E-011A5D5DD15C}.Release|Any CPU.ActiveCfg = Release|Any CPU
		{FB07BCA6-4E36-494E-A97E-011A5D5DD15C}.Release|Any CPU.Build.0 = Release|Any CPU
	EndGlobalSection
	GlobalSection(SolutionProperties) = preSolution
		HideSolutionNode = FALSE
	EndGlobalSection
	GlobalSection(ExtensibilityGlobals) = postSolution
		SolutionGuid = {6C751C73-2FDA-4D73-BFF9-03F9F3DBCFFB}
	EndGlobalSection
EndGlobal
